
Microsoft Visual Studio Solution File, Format Version 12.00
# Visual Studio 15
VisualStudioVersion = 15.0.28307.1401
MinimumVisualStudioVersion = 10.0.40219.1
Project("{FAE04EC0-301F-11D3-BF4B-00C04F79EFBC}") = "BantamCs", "BantamCs.csproj", "{7002CAE7-4B65-4408-8DF9-6D1250B64132}"
EndProject
Global
	GlobalSection(SolutionConfigurationPlatforms) = preSolution
		Debug|Any CPU = Debug|Any CPU
		Release|Any CPU = Release|Any CPU
	EndGlobalSection
	GlobalSection(ProjectConfigurationPlatforms) = postSolution
		{7002CAE7-4B65-4408-8DF9-6D1250B64132}.Debug|Any CPU.ActiveCfg = Debug|Any CPU
		{7002CAE7-4B65-4408-8DF9-6D1250B64132}.Debug|Any CPU.Build.0 = Debug|Any CPU
		{7002CAE7-4B65-4408-8DF9-6D1250B64132}.Release|Any CPU.ActiveCfg = Release|Any CPU
		{7002CAE7-4B65-4408-8DF9-6D1250B64132}.Release|Any CPU.Build.0 = Release|Any CPU
	EndGlobalSection
	GlobalSection(SolutionProperties) = preSolution
		HideSolutionNode = FALSE
	EndGlobalSection
	GlobalSection(ExtensibilityGlobals) = postSolution
		SolutionGuid = {5E262464-278C-4E35-A4A2-E879599F46D0}
	EndGlobalSection
EndGlobal
